github.com/fhs/gompd/v2 v2.1.1 h1:wikZiZ2pw/381ds0g0UaG/YBawXyDEdPQ0Ln/4N9qs4=
github.com/fhs/gompd/v2 v2.1.1/go.mod h1:nNdZtcpD5VpmzZbRl5rV6RhxeMmAWTxEsSIMBkmMIy4=
github.com/gorilla/websocket v1.4.1 h1:q7AeDBpnBk8AogcD4DSag/Ukw/KV+YhzLj2bP5HvKCM=
github.com/gorilla/websocket v1.4.1/go.mod h1:YR8l580nyteQvAITg2hZ9XVh4b55+EU/adAjf1fMHhE=
